
Microsoft Visual Studio Solution File, Format Version 12.00
# Visual Studio Version 16
VisualStudioVersion = 16.0.30128.74
MinimumVisualStudioVersion = 10.0.40219.1
Project("{FAE04EC0-301F-11D3-BF4B-00C04F79EFBC}") = "TimedMemoryCache.Net45", "TimedMemoryCache.Net\TimedMemoryCache.Net45.csproj", "{C4C33388-A877-4276-8E0C-06C510329896}"
EndProject
Global
	GlobalSection(SolutionConfigurationPlatforms) = preSolution
		Debug|Any CPU = Debug|Any CPU
		Release|Any CPU = Release|Any CPU
	EndGlobalSection
	GlobalSection(ProjectConfigurationPlatforms) = postSolution
		{C4C33388-A877-4276-8E0C-06C510329896}.Debug|Any CPU.ActiveCfg = Debug|Any CPU
		{C4C33388-A877-4276-8E0C-06C510329896}.Debug|Any CPU.Build.0 = Debug|Any CPU
		{C4C33388-A877-4276-8E0C-06C510329896}.Release|Any CPU.ActiveCfg = Release|Any CPU
		{C4C33388-A877-4276-8E0C-06C510329896}.Release|Any CPU.Build.0 = Release|Any CPU
	EndGlobalSection
	GlobalSection(SolutionProperties) = preSolution
		HideSolutionNode = FALSE
	EndGlobalSection
	GlobalSection(ExtensibilityGlobals) = postSolution
		SolutionGuid = {69B03308-5875-4A0B-8839-4A06AEA2AE4E}
	EndGlobalSection
EndGlobal
